{
  "name": "fork-project-env-manager",
  "lockfileVersion": 3,
  "requires": true,
  "packages": {
    "": {
      "dependencies": {
        "chrome-types": "^0.1.383",
        "prettier": "^3.4.2"
      }
    },
    "node_modules/chrome-types": {
      "version": "0.1.383",
      "resolved": "https://registry.npmjs.org/chrome-types/-/chrome-types-0.1.383.tgz",
      "integrity": "sha512-TI85d2tN5mrTF6TsfA1X1yKBxmYcUJsXUE7vc2CN3eEC/I/0VkQcBFGCa6pudOvBze0emO2zm1PNAAc0olPZGA==",
      "license": "Apache-2.0"
    },
    "node_modules/prettier": {
      "version": "3.6.2",
      "resolved": "https://registry.npmjs.org/prettier/-/prettier-3.6.2.tgz",
      "integrity": "sha512-I7AIg5boAr5R0FFtJ6rCfD+LFsWHp81dolrFD8S79U9tb8Az2nGrJncnMSnys+bpQJfRUzqs9hnA81OAA3hCuQ==",
      "license": "MIT",
      "bin": {
        "prettier": "bin/prettier.cjs"
      },
      "engines": {
        "node": ">=14"
      },
      "funding": {
        "url": "https://github.com/prettier/prettier?sponsor=1"
      }
    }
  }
}
